// !$*UTF8*$!
{
	archiveVersion = 1;
	classes = {
	};
	objectVersion = 46;
	objects = {

/* Begin PBXBuildFile section */
		C4133730191ECAB1003B6226 /* Foundation.framework in Frameworks */ = {isa = PBXBuildFile; fileRef = C413372F191ECAB1003B6226 /* Foundation.framework */; };
		C4133732191ECAB1003B6226 /* CoreGraphics.framework in Frameworks */ = {isa = PBXBuildFile; fileRef = C4133731191ECAB1003B6226 /* CoreGraphics.framework */; };
		C4133734191ECAB1003B6226 /* UIKit.framework in Frameworks */ = {isa = PBXBuildFile; fileRef = C4133733191ECAB1003B6226 /* UIKit.framework */; };
		C413373A191ECAB1003B6226 /* InfoPlist.strings in Resources */ = {isa = PBXBuildFile; fileRef = C4133738191ECAB1003B6226 /* InfoPlist.strings */; };
		C413373C191ECAB1003B6226 /* main.m in Sources */ = {isa = PBXBuildFile; fileRef = C413373B191ECAB1003B6226 /* main.m */; };
		C4133740191ECAB1003B6226 /* MHSAppDelegate.m in Sources */ = {isa = PBXBuildFile; fileRef = C413373F191ECAB1003B6226 /* MHSAppDelegate.m */; };
		C4133743191ECAB1003B6226 /* Main.storyboard in Resources */ = {isa = PBXBuildFile; fileRef = C4133741191ECAB1003B6226 /* Main.storyboard */; };
		C4133746191ECAB1003B6226 /* MHSViewController.m in Sources */ = {isa = PBXBuildFile; fileRef = C4133745191ECAB1003B6226 /* MHSViewController.m */; };
		C4133748191ECAB1003B6226 /* Images.xcassets in Resources */ = {isa = PBXBuildFile; fileRef = C4133747191ECAB1003B6226 /* Images.xcassets */; };
		C413374F191ECAB1003B6226 /* XCTest.framework in Frameworks */ = {isa = PBXBuildFile; fileRef = C413374E191ECAB1003B6226 /* XCTest.framework */; };
		C4133750191ECAB1003B6226 /* Foundation.framework in Frameworks */ = {isa = PBXBuildFile; fileRef = C413372F191ECAB1003B6226 /* Foundation.framework */; };
		C4133751191ECAB1003B6226 /* UIKit.framework in Frameworks */ = {isa = PBXBuildFile; fileRef = C4133733191ECAB1003B6226 /* UIKit.framework */; };
		C4133759191ECAB1003B6226 /* InfoPlist.strings in Resources */ = {isa = PBXBuildFile; fileRef = C4133757191ECAB1003B6226 /* InfoPlist.strings */; };
		C413375B191ECAB1003B6226 /* LoginTests.m in Sources */ = {isa = PBXBuildFile; fileRef = C413375A191ECAB1003B6226 /* LoginTests.m */; };
		C413376519245C4D003B6226 /* SQL_API_database.sql in Resources */ = {isa = PBXBuildFile; fileRef = C413376419245C4D003B6226 /* SQL_API_database.sql */; };
		C413376919245C91003B6226 /* index.php in Resources */ = {isa = PBXBuildFile; fileRef = C413376819245C91003B6226 /* index.php */; };
		C413376B19245C9D003B6226 /* lib.php in Resources */ = {isa = PBXBuildFile; fileRef = C413376A19245C9D003B6226 /* lib.php */; };
		C413376E19252679003B6226 /* api.php in Resources */ = {isa = PBXBuildFile; fileRef = C413376D19252679003B6226 /* api.php */; };
/* End PBXBuildFile section */

/* Begin PBXContainerItemProxy section */
		C4133752191ECAB1003B6226 /* PBXContainerItemProxy */ = {
			isa = PBXContainerItemProxy;
			containerPortal = C4133724191ECAB1003B6226 /* Project object */;
			proxyType = 1;
			remoteGlobalIDString = C413372B191ECAB1003B6226;
			remoteInfo = Login;
		};
/* End PBXContainerItemProxy section */

/* Begin PBXFileReference section */
		C413372C191ECAB1003B6226 /* Login.app */ = {isa = PBXFileReference; explicitFileType = wrapper.application; includeInIndex = 0; path = Login.app; sourceTree = BUILT_PRODUCTS_DIR; };
		C413372F191ECAB1003B6226 /* Foundation.framework */ = {isa = PBXFileReference; lastKnownFileType = wrapper.framework; name = Foundation.framework; path = System/Library/Frameworks/Foundation.framework; sourceTree = SDKROOT; };
		C4133731191ECAB1003B6226 /* CoreGraphics.framework */ = {isa = PBXFileReference; lastKnownFileType = wrapper.framework; name = CoreGraphics.framework; path = System/Library/Frameworks/CoreGraphics.framework; sourceTree = SDKROOT; };
		C4133733191ECAB1003B6226 /* UIKit.framework */ = {isa = PBXFileReference; lastKnownFileType = wrapper.framework; name = UIKit.framework; path = System/Library/Frameworks/UIKit.framework; sourceTree = SDKROOT; };
		C4133737191ECAB1003B6226 /* Login-Info.plist */ = {isa = PBXFileReference; lastKnownFileType = text.plist.xml; path = "Login-Info.plist"; sourceTree = "<group>"; };
		C4133739191ECAB1003B6226 /* en */ = {isa = PBXFileReference; lastKnownFileType = text.plist.strings; name = en; path = en.lproj/InfoPlist.strings; sourceTree = "<group>"; };
		C413373B191ECAB1003B6226 /* main.m */ = {isa = PBXFileReference; lastKnownFileType = sourcecode.c.objc; path = main.m; sourceTree = "<group>"; };
		C413373D191ECAB1003B6226 /* Login-Prefix.pch */ = {isa = PBXFileReference; lastKnownFileType = sourcecode.c.h; path = "Login-Prefix.pch"; sourceTree = "<group>"; };
		C413373E191ECAB1003B6226 /* MHSAppDelegate.h */ = {isa = PBXFileReference; lastKnownFileType = sourcecode.c.h; path = MHSAppDelegate.h; sourceTree = "<group>"; };
		C413373F191ECAB1003B6226 /* MHSAppDelegate.m */ = {isa = PBXFileReference; lastKnownFileType = sourcecode.c.objc; path = MHSAppDelegate.m; sourceTree = "<group>"; };
		C4133742191ECAB1003B6226 /* Base */ = {isa = PBXFileReference; lastKnownFileType = file.storyboard; name = Base; path = Base.lproj/Main.storyboard; sourceTree = "<group>"; };
		C4133744191ECAB1003B6226 /* MHSViewController.h */ = {isa = PBXFileReference; lastKnownFileType = sourcecode.c.h; path = MHSViewController.h; sourceTree = "<group>"; };
		C4133745191ECAB1003B6226 /* MHSViewController.m */ = {isa = PBXFileReference; lastKnownFileType = sourcecode.c.objc; path = MHSViewController.m; sourceTree = "<group>"; };
		C4133747191ECAB1003B6226 /* Images.xcassets */ = {isa = PBXFileReference; lastKnownFileType = folder.assetcatalog; path = Images.xcassets; sourceTree = "<group>"; };
		C413374D191ECAB1003B6226 /* LoginTests.xctest */ = {isa = PBXFileReference; explicitFileType = wrapper.cfbundle; includeInIndex = 0; path = LoginTests.xctest; sourceTree = BUILT_PRODUCTS_DIR; };
		C413374E191ECAB1003B6226 /* XCTest.framework */ = {isa = PBXFileReference; lastKnownFileType = wrapper.framework; name = XCTest.framework; path = Library/Frameworks/XCTest.framework; sourceTree = DEVELOPER_DIR; };
		C4133756191ECAB1003B6226 /* LoginTests-Info.plist */ = {isa = PBXFileReference; lastKnownFileType = text.plist.xml; path = "LoginTests-Info.plist"; sourceTree = "<group>"; };
		C4133758191ECAB1003B6226 /* en */ = {isa = PBXFileReference; lastKnownFileType = text.plist.strings; name = en; path = en.lproj/InfoPlist.strings; sourceTree = "<group>"; };
		C413375A191ECAB1003B6226 /* LoginTests.m */ = {isa = PBXFileReference; lastKnownFileType = sourcecode.c.objc; path = LoginTests.m; sourceTree = "<group>"; };
		C413376419245C4D003B6226 /* SQL_API_database.sql */ = {isa = PBXFileReference; fileEncoding = 4; lastKnownFileType = text; path = SQL_API_database.sql; sourceTree = "<group>"; };
		C413376819245C91003B6226 /* index.php */ = {isa = PBXFileReference; fileEncoding = 4; lastKnownFileType = text.script.php; path = index.php; sourceTree = "<group>"; };
		C413376A19245C9D003B6226 /* lib.php */ = {isa = PBXFileReference; fileEncoding = 4; lastKnownFileType = text.script.php; path = lib.php; sourceTree = "<group>"; };
		C413376D19252679003B6226 /* api.php */ = {isa = PBXFileReference; fileEncoding = 4; lastKnownFileType = text.script.php; path = api.php; sourceTree = "<group>"; };
/* End PBXFileReference section */

/* Begin PBXFrameworksBuildPhase section */
		C4133729191ECAB1003B6226 /* Frameworks */ = {
			isa = PBXFrameworksBuildPhase;
			buildActionMask = 2147483647;
			files = (
				C4133732191ECAB1003B6226 /* CoreGraphics.framework in Frameworks */,
				C4133734191ECAB1003B6226 /* UIKit.framework in Frameworks */,
				C4133730191ECAB1003B6226 /* Foundation.framework in Frameworks */,
			);
			runOnlyForDeploymentPostprocessing = 0;
		};
		C413374A191ECAB1003B6226 /* Frameworks */ = {
			isa = PBXFrameworksBuildPhase;
			buildActionMask = 2147483647;
			files = (
				C413374F191ECAB1003B6226 /* XCTest.framework in Frameworks */,
				C4133751191ECAB1003B6226 /* UIKit.framework in Frameworks */,
				C4133750191ECAB1003B6226 /* Foundation.framework in Frameworks */,
			);
			runOnlyForDeploymentPostprocessing = 0;
		};
/* End PBXFrameworksBuildPhase section */

/* Begin PBXGroup section */
		C4133723191ECAB1003B6226 = {
			isa = PBXGroup;
			children = (
				C413376C19245CC2003B6226 /* Your Server Website and Database Sql files */,
				C4133735191ECAB1003B6226 /* Login */,
				C4133754191ECAB1003B6226 /* LoginTests */,
				C413372E191ECAB1003B6226 /* Frameworks */,
				C413372D191ECAB1003B6226 /* Products */,
			);
			sourceTree = "<group>";
		};
		C413372D191ECAB1003B6226 /* Products */ = {
			isa = PBXGroup;
			children = (
				C413372C191ECAB1003B6226 /* Login.app */,
				C413374D191ECAB1003B6226 /* LoginTests.xctest */,
			);
			name = Products;
			sourceTree = "<group>";
		};
		C413372E191ECAB1003B6226 /* Frameworks */ = {
			isa = PBXGroup;
			children = (
				C413372F191ECAB1003B6226 /* Foundation.framework */,
				C4133731191ECAB1003B6226 /* CoreGraphics.framework */,
				C4133733191ECAB1003B6226 /* UIKit.framework */,
				C413374E191ECAB1003B6226 /* XCTest.framework */,
			);
			name = Frameworks;
			sourceTree = "<group>";
		};
		C4133735191ECAB1003B6226 /* Login */ = {
			isa = PBXGroup;
			children = (
				C413373E191ECAB1003B6226 /* MHSAppDelegate.h */,
				C413373F191ECAB1003B6226 /* MHSAppDelegate.m */,
				C4133741191ECAB1003B6226 /* Main.storyboard */,
				C4133744191ECAB1003B6226 /* MHSViewController.h */,
				C4133745191ECAB1003B6226 /* MHSViewController.m */,
				C4133747191ECAB1003B6226 /* Images.xcassets */,
				C4133736191ECAB1003B6226 /* Supporting Files */,
			);
			path = Login;
			sourceTree = "<group>";
		};
		C4133736191ECAB1003B6226 /* Supporting Files */ = {
			isa = PBXGroup;
			children = (
				C4133737191ECAB1003B6226 /* Login-Info.plist */,
				C4133738191ECAB1003B6226 /* InfoPlist.strings */,
				C413373B191ECAB1003B6226 /* main.m */,
				C413373D191ECAB1003B6226 /* Login-Prefix.pch */,
			);
			name = "Supporting Files";
			sourceTree = "<group>";
		};
		C4133754191ECAB1003B6226 /* LoginTests */ = {
			isa = PBXGroup;
			children = (
				C413375A191ECAB1003B6226 /* LoginTests.m */,
				C4133755191ECAB1003B6226 /* Supporting Files */,
			);
			path = LoginTests;
			sourceTree = "<group>";
		};
		C4133755191ECAB1003B6226 /* Supporting Files */ = {
			isa = PBXGroup;
			children = (
				C4133756191ECAB1003B6226 /* LoginTests-Info.plist */,
				C4133757191ECAB1003B6226 /* InfoPlist.strings */,
			);
			name = "Supporting Files";
			sourceTree = "<group>";
		};
		C413376C19245CC2003B6226 /* Your Server Website and Database Sql files */ = {
			isa = PBXGroup;
			children = (
				C413376D19252679003B6226 /* api.php */,
				C413376419245C4D003B6226 /* SQL_API_database.sql */,
				C413376819245C91003B6226 /* index.php */,
				C413376A19245C9D003B6226 /* lib.php */,
			);
			name = "Your Server Website and Database Sql files";
			sourceTree = "<group>";
		};
/* End PBXGroup section */

/* Begin PBXNativeTarget section */
		C413372B191ECAB1003B6226 /* Login */ = {
			isa = PBXNativeTarget;
			buildConfigurationList = C413375E191ECAB1003B6226 /* Build configuration list for PBXNativeTarget "Login" */;
			buildPhases = (
				C4133728191ECAB1003B6226 /* Sources */,
				C4133729191ECAB1003B6226 /* Frameworks */,
				C413372A191ECAB1003B6226 /* Resources */,
			);
			buildRules = (
			);
			dependencies = (
			);
			name = Login;
			productName = Login;
			productReference = C413372C191ECAB1003B6226 /* Login.app */;
			productType = "com.apple.product-type.application";
		};
		C413374C191ECAB1003B6226 /* LoginTests */ = {
			isa = PBXNativeTarget;
			buildConfigurationList = C4133761191ECAB1003B6226 /* Build configuration list for PBXNativeTarget "LoginTests" */;
			buildPhases = (
				C4133749191ECAB1003B6226 /* Sources */,
				C413374A191ECAB1003B6226 /* Frameworks */,
				C413374B191ECAB1003B6226 /* Resources */,
			);
			buildRules = (
			);
			dependencies = (
				C4133753191ECAB1003B6226 /* PBXTargetDependency */,
			);
			name = LoginTests;
			productName = LoginTests;
			productReference = C413374D191ECAB1003B6226 /* LoginTests.xctest */;
			productType = "com.apple.product-type.bundle.unit-test";
		};
/* End PBXNativeTarget section */

/* Begin PBXProject section */
		C4133724191ECAB1003B6226 /* Project object */ = {
			isa = PBXProject;
			attributes = {
				CLASSPREFIX = MHS;
				LastUpgradeCheck = 0510;
				ORGANIZATIONNAME = "Maher Suboh";
				TargetAttributes = {
					C413374C191ECAB1003B6226 = {
						TestTargetID = C413372B191ECAB1003B6226;
					};
				};
			};
			buildConfigurationList = C4133727191ECAB1003B6226 /* Build configuration list for PBXProject "Login" */;
			compatibilityVersion = "Xcode 3.2";
			developmentRegion = English;
			hasScannedForEncodings = 0;
			knownRegions = (
				en,
				Base,
			);
			mainGroup = C4133723191ECAB1003B6226;
			productRefGroup = C413372D191ECAB1003B6226 /* Products */;
			projectDirPath = "";
			projectRoot = "";
			targets = (
				C413372B191ECAB1003B6226 /* Login */,
				C413374C191ECAB1003B6226 /* LoginTests */,
			);
		};
/* End PBXProject section */

/* Begin PBXResourcesBuildPhase section */
		C413372A191ECAB1003B6226 /* Resources */ = {
			isa = PBXResourcesBuildPhase;
			buildActionMask = 2147483647;
			files = (
				C4133748191ECAB1003B6226 /* Images.xcassets in Resources */,
				C413373A191ECAB1003B6226 /* InfoPlist.strings in Resources */,
				C413376B19245C9D003B6226 /* lib.php in Resources */,
				C4133743191ECAB1003B6226 /* Main.storyboard in Resources */,
				C413376519245C4D003B6226 /* SQL_API_database.sql in Resources */,
				C413376E19252679003B6226 /* api.php in Resources */,
				C413376919245C91003B6226 /* index.php in Resources */,
			);
			runOnlyForDeploymentPostprocessing = 0;
		};
		C413374B191ECAB1003B6226 /* Resources */ = {
			isa = PBXResourcesBuildPhase;
			buildActionMask = 2147483647;
			files = (
				C4133759191ECAB1003B6226 /* InfoPlist.strings in Resources */,
			);
			runOnlyForDeploymentPostprocessing = 0;
		};
/* End PBXResourcesBuildPhase section */

/* Begin PBXSourcesBuildPhase section */
		C4133728191ECAB1003B6226 /* Sources */ = {
			isa = PBXSourcesBuildPhase;
			buildActionMask = 2147483647;
			files = (
				C4133746191ECAB1003B6226 /* MHSViewController.m in Sources */,
				C413373C191ECAB1003B6226 /* main.m in Sources */,
				C4133740191ECAB1003B6226 /* MHSAppDelegate.m in Sources */,
			);
			runOnlyForDeploymentPostprocessing = 0;
		};
		C4133749191ECAB1003B6226 /* Sources */ = {
			isa = PBXSourcesBuildPhase;
			buildActionMask = 2147483647;
			files = (
				C413375B191ECAB1003B6226 /* LoginTests.m in Sources */,
			);
			runOnlyForDeploymentPostprocessing = 0;
		};
/* End PBXSourcesBuildPhase section */

/* Begin PBXTargetDependency section */
		C4133753191ECAB1003B6226 /* PBXTargetDependency */ = {
			isa = PBXTargetDependency;
			target = C413372B191ECAB1003B6226 /* Login */;
			targetProxy = C4133752191ECAB1003B6226 /* PBXContainerItemProxy */;
		};
/* End PBXTargetDependency section */

/* Begin PBXVariantGroup section */
		C4133738191ECAB1003B6226 /* InfoPlist.strings */ = {
			isa = PBXVariantGroup;
			children = (
				C4133739191ECAB1003B6226 /* en */,
			);
			name = InfoPlist.strings;
			sourceTree = "<group>";
		};
		C4133741191ECAB1003B6226 /* Main.storyboard */ = {
			isa = PBXVariantGroup;
			children = (
				C4133742191ECAB1003B6226 /* Base */,
			);
			name = Main.storyboard;
			sourceTree = "<group>";
		};
		C4133757191ECAB1003B6226 /* InfoPlist.strings */ = {
			isa = PBXVariantGroup;
			children = (
				C4133758191ECAB1003B6226 /* en */,
			);
			name = InfoPlist.strings;
			sourceTree = "<group>";
		};
/* End PBXVariantGroup section */

/* Begin XCBuildConfiguration section */
		C413375C191ECAB1003B6226 /* Debug */ = {
			isa = XCBuildConfiguration;
			buildSettings = {
				ALWAYS_SEARCH_USER_PATHS = NO;
				CLANG_CXX_LANGUAGE_STANDARD = "gnu++0x";
				CLANG_CXX_LIBRARY = "libc++";
				CLANG_ENABLE_MODULES = YES;
				CLANG_ENABLE_OBJC_ARC = YES;
				CLANG_WARN_BOOL_CONVERSION = YES;
				CLANG_WARN_CONSTANT_CONVERSION = YES;
				CLANG_WARN_DIRECT_OBJC_ISA_USAGE = YES_ERROR;
				CLANG_WARN_EMPTY_BODY = YES;
				CLANG_WARN_ENUM_CONVERSION = YES;
				CLANG_WARN_INT_CONVERSION = YES;
				CLANG_WARN_OBJC_ROOT_CLASS = YES_ERROR;
				CLANG_WARN__DUPLICATE_METHOD_MATCH = YES;
				"CODE_SIGN_IDENTITY[sdk=iphoneos*]" = "iPhone Developer";
				COPY_PHASE_STRIP = NO;
				GCC_C_LANGUAGE_STANDARD = gnu99;
				GCC_DYNAMIC_NO_PIC = NO;
				GCC_OPTIMIZATION_LEVEL = 0;
				GCC_PREPROCESSOR_DEFINITIONS = (
					"DEBUG=1",
					"$(inherited)",
				);
				GCC_SYMBOLS_PRIVATE_EXTERN = NO;
				GCC_WARN_64_TO_32_BIT_CONVERSION = YES;
				GCC_WARN_ABOUT_RETURN_TYPE = YES_ERROR;
				GCC_WARN_UNDECLARED_SELECTOR = YES;
				GCC_WARN_UNINITIALIZED_AUTOS = YES_AGGRESSIVE;
				GCC_WARN_UNUSED_FUNCTION = YES;
				GCC_WARN_UNUSED_VARIABLE = YES;
				IPHONEOS_DEPLOYMENT_TARGET = 7.1;
				ONLY_ACTIVE_ARCH = YES;
				SDKROOT = iphoneos;
			};
			name = Debug;
		};
		C413375D191ECAB1003B6226 /* Release */ = {
			isa = XCBuildConfiguration;
			buildSettings = {
				ALWAYS_SEARCH_USER_PATHS = NO;
				CLANG_CXX_LANGUAGE_STANDARD = "gnu++0x";
				CLANG_CXX_LIBRARY = "libc++";
				CLANG_ENABLE_MODULES = YES;
				CLANG_ENABLE_OBJC_ARC = YES;
				CLANG_WARN_BOOL_CONVERSION = YES;
				CLANG_WARN_CONSTANT_CONVERSION = YES;
				CLANG_WARN_DIRECT_OBJC_ISA_USAGE = YES_ERROR;
				CLANG_WARN_EMPTY_BODY = YES;
				CLANG_WARN_ENUM_CONVERSION = YES;
				CLANG_WARN_INT_CONVERSION = YES;
				CLANG_WARN_OBJC_ROOT_CLASS = YES_ERROR;
				CLANG_WARN__DUPLICATE_METHOD_MATCH = YES;
				"CODE_SIGN_IDENTITY[sdk=iphoneos*]" = "iPhone Developer";
				COPY_PHASE_STRIP = YES;
				ENABLE_NS_ASSERTIONS = NO;
				GCC_C_LANGUAGE_STANDARD = gnu99;
				GCC_WARN_64_TO_32_BIT_CONVERSION = YES;
				GCC_WARN_ABOUT_RETURN_TYPE = YES_ERROR;
				GCC_WARN_UNDECLARED_SELECTOR = YES;
				GCC_WARN_UNINITIALIZED_AUTOS = YES_AGGRESSIVE;
				GCC_WARN_UNUSED_FUNCTION = YES;
				GCC_WARN_UNUSED_VARIABLE = YES;
				IPHONEOS_DEPLOYMENT_TARGET = 7.1;
				SDKROOT = iphoneos;
				VALIDATE_PRODUCT = YES;
			};
			name = Release;
		};
		C413375F191ECAB1003B6226 /* Debug */ = {
			isa = XCBuildConfiguration;
			buildSettings = {
				ASSETCATALOG_COMPILER_APPICON_NAME = AppIcon;
				ASSETCATALOG_COMPILER_LAUNCHIMAGE_NAME = LaunchImage;
				GCC_PRECOMPILE_PREFIX_HEADER = YES;
				GCC_PREFIX_HEADER = "Login/Login-Prefix.pch";
				INFOPLIST_FILE = "Login/Login-Info.plist";
				PRODUCT_NAME = "$(TARGET_NAME)";
				WRAPPER_EXTENSION = app;
			};
			name = Debug;
		};
		C4133760191ECAB1003B6226 /* Release */ = {
			isa = XCBuildConfiguration;
			buildSettings = {
				ASSETCATALOG_COMPILER_APPICON_NAME = AppIcon;
				ASSETCATALOG_COMPILER_LAUNCHIMAGE_NAME = LaunchImage;
				GCC_PRECOMPILE_PREFIX_HEADER = YES;
				GCC_PREFIX_HEADER = "Login/Login-Prefix.pch";
				INFOPLIST_FILE = "Login/Login-Info.plist";
				PRODUCT_NAME = "$(TARGET_NAME)";
				WRAPPER_EXTENSION = app;
			};
			name = Release;
		};
		C4133762191ECAB1003B6226 /* Debug */ = {
			isa = XCBuildConfiguration;
			buildSettings = {
				BUNDLE_LOADER = "$(BUILT_PRODUCTS_DIR)/Login.app/Login";
				FRAMEWORK_SEARCH_PATHS = (
					"$(SDKROOT)/Developer/Library/Frameworks",
					"$(inherited)",
					"$(DEVELOPER_FRAMEWORKS_DIR)",
				);
				GCC_PRECOMPILE_PREFIX_HEADER = YES;
				GCC_PREFIX_HEADER = "Login/Login-Prefix.pch";
				GCC_PREPROCESSOR_DEFINITIONS = (
					"DEBUG=1",
					"$(inherited)",
				);
				INFOPLIST_FILE = "LoginTests/LoginTests-Info.plist";
				PRODUCT_NAME = "$(TARGET_NAME)";
				TEST_HOST = "$(BUNDLE_LOADER)";
				WRAPPER_EXTENSION = xctest;
			};
			name = Debug;
		};
		C4133763191ECAB1003B6226 /* Release */ = {
			isa = XCBuildConfiguration;
			buildSettings = {
				BUNDLE_LOADER = "$(BUILT_PRODUCTS_DIR)/Login.app/Login";
				FRAMEWORK_SEARCH_PATHS = (
					"$(SDKROOT)/Developer/Library/Frameworks",
					"$(inherited)",
					"$(DEVELOPER_FRAMEWORKS_DIR)",
				);
				GCC_PRECOMPILE_PREFIX_HEADER = YES;
				GCC_PREFIX_HEADER = "Login/Login-Prefix.pch";
				INFOPLIST_FILE = "LoginTests/LoginTests-Info.plist";
				PRODUCT_NAME = "$(TARGET_NAME)";
				TEST_HOST = "$(BUNDLE_LOADER)";
				WRAPPER_EXTENSION = xctest;
			};
			name = Release;
		};
/* End XCBuildConfiguration section */

/* Begin XCConfigurationList section */
		C4133727191ECAB1003B6226 /* Build configuration list for PBXProject "Login" */ = {
			isa = XCConfigurationList;
			buildConfigurations = (
				C413375C191ECAB1003B6226 /* Debug */,
				C413375D191ECAB1003B6226 /* Release */,
			);
			defaultConfigurationIsVisible = 0;
			defaultConfigurationName = Release;
		};
		C413375E191ECAB1003B6226 /* Build configuration list for PBXNativeTarget "Login" */ = {
			isa = XCConfigurationList;
			buildConfigurations = (
				C413375F191ECAB1003B6226 /* Debug */,
				C4133760191ECAB1003B6226 /* Release */,
			);
			defaultConfigurationIsVisible = 0;
			defaultConfigurationName = Release;
		};
		C4133761191ECAB1003B6226 /* Build configuration list for PBXNativeTarget "LoginTests" */ = {
			isa = XCConfigurationList;
			buildConfigurations = (
				C4133762191ECAB1003B6226 /* Debug */,
				C4133763191ECAB1003B6226 /* Release */,
			);
			defaultConfigurationIsVisible = 0;
			defaultConfigurationName = Release;
		};
/* End XCConfigurationList section */
	};
	rootObject = C4133724191ECAB1003B6226 /* Project object */;
}
